// !$*UTF8*$!
{
	archiveVersion = 1;
	classes = {
	};
	objectVersion = 55;
	objects = {

/* Begin PBXBuildFile section */
		B8E96296907B1F93409CE38F /* Pods_Simple.framework in Frameworks */ = {isa = PBXBuildFile; fileRef = D3543524F80A6353973479EB /* Pods_Simple.framework */; };
		CEB279772804A455005F73A5 /* AppDelegate.swift in Sources */ = {isa = PBXBuildFile; fileRef = CEB279762804A455005F73A5 /* AppDelegate.swift */; };
		CEB279792804A455005F73A5 /* SceneDelegate.swift in Sources */ = {isa = PBXBuildFile; fileRef = CEB279782804A455005F73A5 /* SceneDelegate.swift */; };
		CEB2797B2804A455005F73A5 /* ProfileViewController.swift in Sources */ = {isa = PBXBuildFile; fileRef = CEB2797A2804A455005F73A5 /* ProfileViewController.swift */; };
		CEB279802804A458005F73A5 /* Assets.xcassets in Resources */ = {isa = PBXBuildFile; fileRef = CEB2797F2804A458005F73A5 /* Assets.xcassets */; };
		CEB279832804A458005F73A5 /* LaunchScreen.storyboard in Resources */ = {isa = PBXBuildFile; fileRef = CEB279812804A458005F73A5 /* LaunchScreen.storyboard */; };
		CEB2798F2804A5D4005F73A5 /* Montserrat-SemiBold.ttf in Resources */ = {isa = PBXBuildFile; fileRef = CEB2798E2804A5D4005F73A5 /* Montserrat-SemiBold.ttf */; };
		CEB279912804C1E2005F73A5 /* ProfileModel.swift in Sources */ = {isa = PBXBuildFile; fileRef = CEB279902804C1E2005F73A5 /* ProfileModel.swift */; };
		CEB279932804C1F0005F73A5 /* ProfileViewModel.swift in Sources */ = {isa = PBXBuildFile; fileRef = CEB279922804C1F0005F73A5 /* ProfileViewModel.swift */; };
		CEB279952804C258005F73A5 /* GeneralTableViewCell.swift in Sources */ = {isa = PBXBuildFile; fileRef = CEB279942804C258005F73A5 /* GeneralTableViewCell.swift */; };
		CEB279972805742D005F73A5 /* Montserrat-Regular.ttf in Resources */ = {isa = PBXBuildFile; fileRef = CEB279962805742D005F73A5 /* Montserrat-Regular.ttf */; };
		CEB2799928059E0F005F73A5 /* MainViewController.swift in Sources */ = {isa = PBXBuildFile; fileRef = CEB2799828059E0F005F73A5 /* MainViewController.swift */; };
		CEB2799B2805AB84005F73A5 /* NewPassWordViewController.swift in Sources */ = {isa = PBXBuildFile; fileRef = CEB2799A2805AB84005F73A5 /* NewPassWordViewController.swift */; };
		CEB2799D2805B116005F73A5 /* Montserrat-Medium.ttf in Resources */ = {isa = PBXBuildFile; fileRef = CEB2799C2805B116005F73A5 /* Montserrat-Medium.ttf */; };
		CEB279A42806FFF9005F73A5 /* GeneralNavigationBar.swift in Sources */ = {isa = PBXBuildFile; fileRef = CEB279A32806FFF9005F73A5 /* GeneralNavigationBar.swift */; };
		CEB279A7280871DF005F73A5 /* TextField.swift in Sources */ = {isa = PBXBuildFile; fileRef = CEB279A6280871DF005F73A5 /* TextField.swift */; };
		CEB279A928087550005F73A5 /* UITextField + Extension.swift in Sources */ = {isa = PBXBuildFile; fileRef = CEB279A828087550005F73A5 /* UITextField + Extension.swift */; };
		CEB279AB28087709005F73A5 /* UIButton + Extension.swift in Sources */ = {isa = PBXBuildFile; fileRef = CEB279AA28087709005F73A5 /* UIButton + Extension.swift */; };
/* End PBXBuildFile section */

/* Begin PBXFileReference section */
		571B807E5D2C314FB152818F /* Pods-Simple.debug.xcconfig */ = {isa = PBXFileReference; includeInIndex = 1; lastKnownFileType = text.xcconfig; name = "Pods-Simple.debug.xcconfig"; path = "Target Support Files/Pods-Simple/Pods-Simple.debug.xcconfig"; sourceTree = "<group>"; };
		CEB279732804A455005F73A5 /* Simple.app */ = {isa = PBXFileReference; explicitFileType = wrapper.application; includeInIndex = 0; path = Simple.app; sourceTree = BUILT_PRODUCTS_DIR; };
		CEB279762804A455005F73A5 /* AppDelegate.swift */ = {isa = PBXFileReference; lastKnownFileType = sourcecode.swift; path = AppDelegate.swift; sourceTree = "<group>"; };
		CEB279782804A455005F73A5 /* SceneDelegate.swift */ = {isa = PBXFileReference; lastKnownFileType = sourcecode.swift; path = SceneDelegate.swift; sourceTree = "<group>"; };
		CEB2797A2804A455005F73A5 /* ProfileViewController.swift */ = {isa = PBXFileReference; lastKnownFileType = sourcecode.swift; path = ProfileViewController.swift; sourceTree = "<group>"; };
		CEB2797F2804A458005F73A5 /* Assets.xcassets */ = {isa = PBXFileReference; lastKnownFileType = folder.assetcatalog; path = Assets.xcassets; sourceTree = "<group>"; };
		CEB279822804A458005F73A5 /* Base */ = {isa = PBXFileReference; lastKnownFileType = file.storyboard; name = Base; path = Base.lproj/LaunchScreen.storyboard; sourceTree = "<group>"; };
		CEB279842804A458005F73A5 /* Info.plist */ = {isa = PBXFileReference; lastKnownFileType = text.plist.xml; path = Info.plist; sourceTree = "<group>"; };
		CEB2798E2804A5D4005F73A5 /* Montserrat-SemiBold.ttf */ = {isa = PBXFileReference; lastKnownFileType = file; path = "Montserrat-SemiBold.ttf"; sourceTree = "<group>"; };
		CEB279902804C1E2005F73A5 /* ProfileModel.swift */ = {isa = PBXFileReference; lastKnownFileType = sourcecode.swift; path = ProfileModel.swift; sourceTree = "<group>"; };
		CEB279922804C1F0005F73A5 /* ProfileViewModel.swift */ = {isa = PBXFileReference; lastKnownFileType = sourcecode.swift; path = ProfileViewModel.swift; sourceTree = "<group>"; };
		CEB279942804C258005F73A5 /* GeneralTableViewCell.swift */ = {isa = PBXFileReference; lastKnownFileType = sourcecode.swift; path = GeneralTableViewCell.swift; sourceTree = "<group>"; };
		CEB279962805742D005F73A5 /* Montserrat-Regular.ttf */ = {isa = PBXFileReference; lastKnownFileType = file; path = "Montserrat-Regular.ttf"; sourceTree = "<group>"; };
		CEB2799828059E0F005F73A5 /* MainViewController.swift */ = {isa = PBXFileReference; lastKnownFileType = sourcecode.swift; path = MainViewController.swift; sourceTree = "<group>"; };
		CEB2799A2805AB84005F73A5 /* NewPassWordViewController.swift */ = {isa = PBXFileReference; lastKnownFileType = sourcecode.swift; path = NewPassWordViewController.swift; sourceTree = "<group>"; };
		CEB2799C2805B116005F73A5 /* Montserrat-Medium.ttf */ = {isa = PBXFileReference; lastKnownFileType = file; path = "Montserrat-Medium.ttf"; sourceTree = "<group>"; };
		CEB279A32806FFF9005F73A5 /* GeneralNavigationBar.swift */ = {isa = PBXFileReference; lastKnownFileType = sourcecode.swift; path = GeneralNavigationBar.swift; sourceTree = "<group>"; };
		CEB279A6280871DF005F73A5 /* TextField.swift */ = {isa = PBXFileReference; lastKnownFileType = sourcecode.swift; path = TextField.swift; sourceTree = "<group>"; };
		CEB279A828087550005F73A5 /* UITextField + Extension.swift */ = {isa = PBXFileReference; lastKnownFileType = sourcecode.swift; path = "UITextField + Extension.swift"; sourceTree = "<group>"; };
		CEB279AA28087709005F73A5 /* UIButton + Extension.swift */ = {isa = PBXFileReference; lastKnownFileType = sourcecode.swift; path = "UIButton + Extension.swift"; sourceTree = "<group>"; };
		D3543524F80A6353973479EB /* Pods_Simple.framework */ = {isa = PBXFileReference; explicitFileType = wrapper.framework; includeInIndex = 0; path = Pods_Simple.framework; sourceTree = BUILT_PRODUCTS_DIR; };
		F7C136DFBA573AE05A754D8E /* Pods-Simple.release.xcconfig */ = {isa = PBXFileReference; includeInIndex = 1; lastKnownFileType = text.xcconfig; name = "Pods-Simple.release.xcconfig"; path = "Target Support Files/Pods-Simple/Pods-Simple.release.xcconfig"; sourceTree = "<group>"; };
/* End PBXFileReference section */

/* Begin PBXFrameworksBuildPhase section */
		CEB279702804A455005F73A5 /* Frameworks */ = {
			isa = PBXFrameworksBuildPhase;
			buildActionMask = 2147483647;
			files = (
				B8E96296907B1F93409CE38F /* Pods_Simple.framework in Frameworks */,
			);
			runOnlyForDeploymentPostprocessing = 0;
		};
/* End PBXFrameworksBuildPhase section */

/* Begin PBXGroup section */
		119CCB88E9C7E7CC11E427C5 /* Frameworks */ = {
			isa = PBXGroup;
			children = (
				D3543524F80A6353973479EB /* Pods_Simple.framework */,
			);
			name = Frameworks;
			sourceTree = "<group>";
		};
		76A56A0B63158CD1DFA7A102 /* Pods */ = {
			isa = PBXGroup;
			children = (
				571B807E5D2C314FB152818F /* Pods-Simple.debug.xcconfig */,
				F7C136DFBA573AE05A754D8E /* Pods-Simple.release.xcconfig */,
			);
			path = Pods;
			sourceTree = "<group>";
		};
		CEB2796A2804A455005F73A5 = {
			isa = PBXGroup;
			children = (
				CEB279752804A455005F73A5 /* Simple */,
				CEB279742804A455005F73A5 /* Products */,
				76A56A0B63158CD1DFA7A102 /* Pods */,
				119CCB88E9C7E7CC11E427C5 /* Frameworks */,
			);
			sourceTree = "<group>";
		};
		CEB279742804A455005F73A5 /* Products */ = {
			isa = PBXGroup;
			children = (
				CEB279732804A455005F73A5 /* Simple.app */,
			);
			name = Products;
			sourceTree = "<group>";
		};
		CEB279752804A455005F73A5 /* Simple */ = {
			isa = PBXGroup;
			children = (
				CEB279762804A455005F73A5 /* AppDelegate.swift */,
				CEB279782804A455005F73A5 /* SceneDelegate.swift */,
				CEB2799E2806FC33005F73A5 /* Controllers */,
				CEB2799F2806FC56005F73A5 /* Models */,
				CEB279A02806FC5E005F73A5 /* ViewModels */,
				CEB279A12806FC6B005F73A5 /* Custom Views */,
				CEB279A52807034B005F73A5 /* Extensions */,
				CEB279A22806FC78005F73A5 /* Fonts */,
				CEB2797F2804A458005F73A5 /* Assets.xcassets */,
				CEB279812804A458005F73A5 /* LaunchScreen.storyboard */,
				CEB279842804A458005F73A5 /* Info.plist */,
			);
			path = Simple;
			sourceTree = "<group>";
		};
		CEB2799E2806FC33005F73A5 /* Controllers */ = {
			isa = PBXGroup;
			children = (
				CEB2799828059E0F005F73A5 /* MainViewController.swift */,
				CEB2797A2804A455005F73A5 /* ProfileViewController.swift */,
				CEB2799A2805AB84005F73A5 /* NewPassWordViewController.swift */,
			);
			path = Controllers;
			sourceTree = "<group>";
		};
		CEB2799F2806FC56005F73A5 /* Models */ = {
			isa = PBXGroup;
			children = (
				CEB279902804C1E2005F73A5 /* ProfileModel.swift */,
			);
			path = Models;
			sourceTree = "<group>";
		};
		CEB279A02806FC5E005F73A5 /* ViewModels */ = {
			isa = PBXGroup;
			children = (
				CEB279922804C1F0005F73A5 /* ProfileViewModel.swift */,
			);
			path = ViewModels;
			sourceTree = "<group>";
		};
		CEB279A12806FC6B005F73A5 /* Custom Views */ = {
			isa = PBXGroup;
			children = (
				CEB279942804C258005F73A5 /* GeneralTableViewCell.swift */,
				CEB279A32806FFF9005F73A5 /* GeneralNavigationBar.swift */,
				CEB279A6280871DF005F73A5 /* TextField.swift */,
			);
			path = "Custom Views";
			sourceTree = "<group>";
		};
		CEB279A22806FC78005F73A5 /* Fonts */ = {
			isa = PBXGroup;
			children = (
				CEB279962805742D005F73A5 /* Montserrat-Regular.ttf */,
				CEB2799C2805B116005F73A5 /* Montserrat-Medium.ttf */,
				CEB2798E2804A5D4005F73A5 /* Montserrat-SemiBold.ttf */,
			);
			path = Fonts;
			sourceTree = "<group>";
		};
		CEB279A52807034B005F73A5 /* Extensions */ = {
			isa = PBXGroup;
			children = (
				CEB279A828087550005F73A5 /* UITextField + Extension.swift */,
				CEB279AA28087709005F73A5 /* UIButton + Extension.swift */,
			);
			path = Extensions;
			sourceTree = "<group>";
		};
/* End PBXGroup section */

/* Begin PBXNativeTarget section */
		CEB279722804A455005F73A5 /* Simple */ = {
			isa = PBXNativeTarget;
			buildConfigurationList = CEB279872804A458005F73A5 /* Build configuration list for PBXNativeTarget "Simple" */;
			buildPhases = (
				1CD3BB85FED460A97FD78800 /* [CP] Check Pods Manifest.lock */,
				CEB2796F2804A455005F73A5 /* Sources */,
				CEB279702804A455005F73A5 /* Frameworks */,
				CEB279712804A455005F73A5 /* Resources */,
				39BD5726ECA8F3CA8CEEFC83 /* [CP] Embed Pods Frameworks */,
			);
			buildRules = (
			);
			dependencies = (
			);
			name = Simple;
			productName = Simple;
			productReference = CEB279732804A455005F73A5 /* Simple.app */;
			productType = "com.apple.product-type.application";
		};
/* End PBXNativeTarget section */

/* Begin PBXProject section */
		CEB2796B2804A455005F73A5 /* Project object */ = {
			isa = PBXProject;
			attributes = {
				BuildIndependentTargetsInParallel = 1;
				LastSwiftUpdateCheck = 1320;
				LastUpgradeCheck = 1320;
				TargetAttributes = {
					CEB279722804A455005F73A5 = {
						CreatedOnToolsVersion = 13.2.1;
					};
				};
			};
			buildConfigurationList = CEB2796E2804A455005F73A5 /* Build configuration list for PBXProject "Simple" */;
			compatibilityVersion = "Xcode 13.0";
			developmentRegion = en;
			hasScannedForEncodings = 0;
			knownRegions = (
				en,
				Base,
			);
			mainGroup = CEB2796A2804A455005F73A5;
			productRefGroup = CEB279742804A455005F73A5 /* Products */;
			projectDirPath = "";
			projectRoot = "";
			targets = (
				CEB279722804A455005F73A5 /* Simple */,
			);
		};
/* End PBXProject section */

/* Begin PBXResourcesBuildPhase section */
		CEB279712804A455005F73A5 /* Resources */ = {
			isa = PBXResourcesBuildPhase;
			buildActionMask = 2147483647;
			files = (
				CEB279832804A458005F73A5 /* LaunchScreen.storyboard in Resources */,
				CEB2799D2805B116005F73A5 /* Montserrat-Medium.ttf in Resources */,
				CEB279802804A458005F73A5 /* Assets.xcassets in Resources */,
				CEB2798F2804A5D4005F73A5 /* Montserrat-SemiBold.ttf in Resources */,
				CEB279972805742D005F73A5 /* Montserrat-Regular.ttf in Resources */,
			);
			runOnlyForDeploymentPostprocessing = 0;
		};
/* End PBXResourcesBuildPhase section */

/* Begin PBXShellScriptBuildPhase section */
		1CD3BB85FED460A97FD78800 /* [CP] Check Pods Manifest.lock */ = {
			isa = PBXShellScriptBuildPhase;
			buildActionMask = 2147483647;
			files = (
			);
			inputFileListPaths = (
			);
			inputPaths = (
				"${PODS_PODFILE_DIR_PATH}/Podfile.lock",
				"${PODS_ROOT}/Manifest.lock",
			);
			name = "[CP] Check Pods Manifest.lock";
			outputFileListPaths = (
			);
			outputPaths = (
				"$(DERIVED_FILE_DIR)/Pods-Simple-checkManifestLockResult.txt",
			);
			runOnlyForDeploymentPostprocessing = 0;
			shellPath = /bin/sh;
			shellScript = "diff \"${PODS_PODFILE_DIR_PATH}/Podfile.lock\" \"${PODS_ROOT}/Manifest.lock\" > /dev/null\nif [ $? != 0 ] ; then\n    # print error to STDERR\n    echo \"error: The sandbox is not in sync with the Podfile.lock. Run 'pod install' or update your CocoaPods installation.\" >&2\n    exit 1\nfi\n# This output is used by Xcode 'outputs' to avoid re-running this script phase.\necho \"SUCCESS\" > \"${SCRIPT_OUTPUT_FILE_0}\"\n";
			showEnvVarsInLog = 0;
		};
		39BD5726ECA8F3CA8CEEFC83 /* [CP] Embed Pods Frameworks */ = {
			isa = PBXShellScriptBuildPhase;
			buildActionMask = 2147483647;
			files = (
			);
			inputFileListPaths = (
				"${PODS_ROOT}/Target Support Files/Pods-Simple/Pods-Simple-frameworks-${CONFIGURATION}-input-files.xcfilelist",
			);
			name = "[CP] Embed Pods Frameworks";
			outputFileListPaths = (
				"${PODS_ROOT}/Target Support Files/Pods-Simple/Pods-Simple-frameworks-${CONFIGURATION}-output-files.xcfilelist",
			);
			runOnlyForDeploymentPostprocessing = 0;
			shellPath = /bin/sh;
			shellScript = "\"${PODS_ROOT}/Target Support Files/Pods-Simple/Pods-Simple-frameworks.sh\"\n";
			showEnvVarsInLog = 0;
		};
/* End PBXShellScriptBuildPhase section */

/* Begin PBXSourcesBuildPhase section */
		CEB2796F2804A455005F73A5 /* Sources */ = {
			isa = PBXSourcesBuildPhase;
			buildActionMask = 2147483647;
			files = (
				CEB2799928059E0F005F73A5 /* MainViewController.swift in Sources */,
				CEB2797B2804A455005F73A5 /* ProfileViewController.swift in Sources */,
				CEB279772804A455005F73A5 /* AppDelegate.swift in Sources */,
				CEB279A7280871DF005F73A5 /* TextField.swift in Sources */,
				CEB279952804C258005F73A5 /* GeneralTableViewCell.swift in Sources */,
				CEB279932804C1F0005F73A5 /* ProfileViewModel.swift in Sources */,
				CEB279A928087550005F73A5 /* UITextField + Extension.swift in Sources */,
				CEB279792804A455005F73A5 /* SceneDelegate.swift in Sources */,
				CEB2799B2805AB84005F73A5 /* NewPassWordViewController.swift in Sources */,
				CEB279A42806FFF9005F73A5 /* GeneralNavigationBar.swift in Sources */,
				CEB279912804C1E2005F73A5 /* ProfileModel.swift in Sources */,
				CEB279AB28087709005F73A5 /* UIButton + Extension.swift in Sources */,
			);
			runOnlyForDeploymentPostprocessing = 0;
		};
/* End PBXSourcesBuildPhase section */

/* Begin PBXVariantGroup section */
		CEB279812804A458005F73A5 /* LaunchScreen.storyboard */ = {
			isa = PBXVariantGroup;
			children = (
				CEB279822804A458005F73A5 /* Base */,
			);
			name = LaunchScreen.storyboard;
			sourceTree = "<group>";
		};
/* End PBXVariantGroup section */

/* Begin XCBuildConfiguration section */
		CEB279852804A458005F73A5 /* Debug */ = {
			isa = XCBuildConfiguration;
			buildSettings = {
				ALWAYS_SEARCH_USER_PATHS = NO;
				CLANG_ANALYZER_NONNULL = YES;
				CLANG_ANALYZER_NUMBER_OBJECT_CONVERSION = YES_AGGRESSIVE;
				CLANG_CXX_LANGUAGE_STANDARD = "gnu++17";
				CLANG_CXX_LIBRARY = "libc++";
				CLANG_ENABLE_MODULES = YES;
				CLANG_ENABLE_OBJC_ARC = YES;
				CLANG_ENABLE_OBJC_WEAK = YES;
				CLANG_WARN_BLOCK_CAPTURE_AUTORELEASING = YES;
				CLANG_WARN_BOOL_CONVERSION = YES;
				CLANG_WARN_COMMA = YES;
				CLANG_WARN_CONSTANT_CONVERSION = YES;
				CLANG_WARN_DEPRECATED_OBJC_IMPLEMENTATIONS = YES;
				CLANG_WARN_DIRECT_OBJC_ISA_USAGE = YES_ERROR;
				CLANG_WARN_DOCUMENTATION_COMMENTS = YES;
				CLANG_WARN_EMPTY_BODY = YES;
				CLANG_WARN_ENUM_CONVERSION = YES;
				CLANG_WARN_INFINITE_RECURSION = YES;
				CLANG_WARN_INT_CONVERSION = YES;
				CLANG_WARN_NON_LITERAL_NULL_CONVERSION = YES;
				CLANG_WARN_OBJC_IMPLICIT_RETAIN_SELF = YES;
				CLANG_WARN_OBJC_LITERAL_CONVERSION = YES;
				CLANG_WARN_OBJC_ROOT_CLASS = YES_ERROR;
				CLANG_WARN_QUOTED_INCLUDE_IN_FRAMEWORK_HEADER = YES;
				CLANG_WARN_RANGE_LOOP_ANALYSIS = YES;
				CLANG_WARN_STRICT_PROTOTYPES = YES;
				CLANG_WARN_SUSPICIOUS_MOVE = YES;
				CLANG_WARN_UNGUARDED_AVAILABILITY = YES_AGGRESSIVE;
				CLANG_WARN_UNREACHABLE_CODE = YES;
				CLANG_WARN__DUPLICATE_METHOD_MATCH = YES;
				COPY_PHASE_STRIP = NO;
				DEBUG_INFORMATION_FORMAT = dwarf;
				ENABLE_STRICT_OBJC_MSGSEND = YES;
				ENABLE_TESTABILITY = YES;
				GCC_C_LANGUAGE_STANDARD = gnu11;
				GCC_DYNAMIC_NO_PIC = NO;
				GCC_NO_COMMON_BLOCKS = YES;
				GCC_OPTIMIZATION_LEVEL = 0;
				GCC_PREPROCESSOR_DEFINITIONS = (
					"DEBUG=1",
					"$(inherited)",
				);
				GCC_WARN_64_TO_32_BIT_CONVERSION = YES;
				GCC_WARN_ABOUT_RETURN_TYPE = YES_ERROR;
				GCC_WARN_UNDECLARED_SELECTOR = YES;
				GCC_WARN_UNINITIALIZED_AUTOS = YES_AGGRESSIVE;
				GCC_WARN_UNUSED_FUNCTION = YES;
				GCC_WARN_UNUSED_VARIABLE = YES;
				IPHONEOS_DEPLOYMENT_TARGET = 15.2;
				MTL_ENABLE_DEBUG_INFO = INCLUDE_SOURCE;
				MTL_FAST_MATH = YES;
				ONLY_ACTIVE_ARCH = YES;
				SDKROOT = iphoneos;
				SWIFT_ACTIVE_COMPILATION_CONDITIONS = DEBUG;
				SWIFT_OPTIMIZATION_LEVEL = "-Onone";
			};
			name = Debug;
		};
		CEB279862804A458005F73A5 /* Release */ = {
			isa = XCBuildConfiguration;
			buildSettings = {
				ALWAYS_SEARCH_USER_PATHS = NO;
				CLANG_ANALYZER_NONNULL = YES;
				CLANG_ANALYZER_NUMBER_OBJECT_CONVERSION = YES_AGGRESSIVE;
				CLANG_CXX_LANGUAGE_STANDARD = "gnu++17";
				CLANG_CXX_LIBRARY = "libc++";
				CLANG_ENABLE_MODULES = YES;
				CLANG_ENABLE_OBJC_ARC = YES;
				CLANG_ENABLE_OBJC_WEAK = YES;
				CLANG_WARN_BLOCK_CAPTURE_AUTORELEASING = YES;
				CLANG_WARN_BOOL_CONVERSION = YES;
				CLANG_WARN_COMMA = YES;
				CLANG_WARN_CONSTANT_CONVERSION = YES;
				CLANG_WARN_DEPRECATED_OBJC_IMPLEMENTATIONS = YES;
				CLANG_WARN_DIRECT_OBJC_ISA_USAGE = YES_ERROR;
				CLANG_WARN_DOCUMENTATION_COMMENTS = YES;
				CLANG_WARN_EMPTY_BODY = YES;
				CLANG_WARN_ENUM_CONVERSION = YES;
				CLANG_WARN_INFINITE_RECURSION = YES;
				CLANG_WARN_INT_CONVERSION = YES;
				CLANG_WARN_NON_LITERAL_NULL_CONVERSION = YES;
				CLANG_WARN_OBJC_IMPLICIT_RETAIN_SELF = YES;
				CLANG_WARN_OBJC_LITERAL_CONVERSION = YES;
				CLANG_WARN_OBJC_ROOT_CLASS = YES_ERROR;
				CLANG_WARN_QUOTED_INCLUDE_IN_FRAMEWORK_HEADER = YES;
				CLANG_WARN_RANGE_LOOP_ANALYSIS = YES;
				CLANG_WARN_STRICT_PROTOTYPES = YES;
				CLANG_WARN_SUSPICIOUS_MOVE = YES;
				CLANG_WARN_UNGUARDED_AVAILABILITY = YES_AGGRESSIVE;
				CLANG_WARN_UNREACHABLE_CODE = YES;
				CLANG_WARN__DUPLICATE_METHOD_MATCH = YES;
				COPY_PHASE_STRIP = NO;
				DEBUG_INFORMATION_FORMAT = "dwarf-with-dsym";
				ENABLE_NS_ASSERTIONS = NO;
				ENABLE_STRICT_OBJC_MSGSEND = YES;
				GCC_C_LANGUAGE_STANDARD = gnu11;
				GCC_NO_COMMON_BLOCKS = YES;
				GCC_WARN_64_TO_32_BIT_CONVERSION = YES;
				GCC_WARN_ABOUT_RETURN_TYPE = YES_ERROR;
				GCC_WARN_UNDECLARED_SELECTOR = YES;
				GCC_WARN_UNINITIALIZED_AUTOS = YES_AGGRESSIVE;
				GCC_WARN_UNUSED_FUNCTION = YES;
				GCC_WARN_UNUSED_VARIABLE = YES;
				IPHONEOS_DEPLOYMENT_TARGET = 15.2;
				MTL_ENABLE_DEBUG_INFO = NO;
				MTL_FAST_MATH = YES;
				SDKROOT = iphoneos;
				SWIFT_COMPILATION_MODE = wholemodule;
				SWIFT_OPTIMIZATION_LEVEL = "-O";
				VALIDATE_PRODUCT = YES;
			};
			name = Release;
		};
		CEB279882804A458005F73A5 /* Debug */ = {
			isa = XCBuildConfiguration;
			baseConfigurationReference = 571B807E5D2C314FB152818F /* Pods-Simple.debug.xcconfig */;
			buildSettings = {
				ASSETCATALOG_COMPILER_APPICON_NAME = AppIcon;
				ASSETCATALOG_COMPILER_GLOBAL_ACCENT_COLOR_NAME = AccentColor;
				CODE_SIGN_STYLE = Automatic;
				CURRENT_PROJECT_VERSION = 1;
				DEVELOPMENT_TEAM = G66MG9QPB2;
				GENERATE_INFOPLIST_FILE = YES;
				INFOPLIST_FILE = Simple/Info.plist;
				INFOPLIST_KEY_UIApplicationSupportsIndirectInputEvents = YES;
				INFOPLIST_KEY_UILaunchStoryboardName = LaunchScreen;
				INFOPLIST_KEY_UISupportedInterfaceOrientations_iPad = "UIInterfaceOrientationPortrait UIInterfaceOrientationPortraitUpsideDown UIInterfaceOrientationLandscapeLeft UIInterfaceOrientationLandscapeRight";
				INFOPLIST_KEY_UISupportedInterfaceOrientations_iPhone = "UIInterfaceOrientationPortrait UIInterfaceOrientationLandscapeLeft UIInterfaceOrientationLandscapeRight";
				LD_RUNPATH_SEARCH_PATHS = (
					"$(inherited)",
					"@executable_path/Frameworks",
				);
				MARKETING_VERSION = 1.0;
				PRODUCT_BUNDLE_IDENTIFIER = IDK.Simple;
				PRODUCT_NAME = "$(TARGET_NAME)";
				SWIFT_EMIT_LOC_STRINGS = YES;
				SWIFT_VERSION = 5.0;
				TARGETED_DEVICE_FAMILY = "1,2";
			};
			name = Debug;
		};
		CEB279892804A458005F73A5 /* Release */ = {
			isa = XCBuildConfiguration;
			baseConfigurationReference = F7C136DFBA573AE05A754D8E /* Pods-Simple.release.xcconfig */;
			buildSettings = {
				ASSETCATALOG_COMPILER_APPICON_NAME = AppIcon;
				ASSETCATALOG_COMPILER_GLOBAL_ACCENT_COLOR_NAME = AccentColor;
				CODE_SIGN_STYLE = Automatic;
				CURRENT_PROJECT_VERSION = 1;
				DEVELOPMENT_TEAM = G66MG9QPB2;
				GENERATE_INFOPLIST_FILE = YES;
				INFOPLIST_FILE = Simple/Info.plist;
				INFOPLIST_KEY_UIApplicationSupportsIndirectInputEvents = YES;
				INFOPLIST_KEY_UILaunchStoryboardName = LaunchScreen;
				INFOPLIST_KEY_UISupportedInterfaceOrientations_iPad = "UIInterfaceOrientationPortrait UIInterfaceOrientationPortraitUpsideDown UIInterfaceOrientationLandscapeLeft UIInterfaceOrientationLandscapeRight";
				INFOPLIST_KEY_UISupportedInterfaceOrientations_iPhone = "UIInterfaceOrientationPortrait UIInterfaceOrientationLandscapeLeft UIInterfaceOrientationLandscapeRight";
				LD_RUNPATH_SEARCH_PATHS = (
					"$(inherited)",
					"@executable_path/Frameworks",
				);
				MARKETING_VERSION = 1.0;
				PRODUCT_BUNDLE_IDENTIFIER = IDK.Simple;
				PRODUCT_NAME = "$(TARGET_NAME)";
				SWIFT_EMIT_LOC_STRINGS = YES;
				SWIFT_VERSION = 5.0;
				TARGETED_DEVICE_FAMILY = "1,2";
			};
			name = Release;
		};
/* End XCBuildConfiguration section */

/* Begin XCConfigurationList section */
		CEB2796E2804A455005F73A5 /* Build configuration list for PBXProject "Simple" */ = {
			isa = XCConfigurationList;
			buildConfigurations = (
				CEB279852804A458005F73A5 /* Debug */,
				CEB279862804A458005F73A5 /* Release */,
			);
			defaultConfigurationIsVisible = 0;
			defaultConfigurationName = Release;
		};
		CEB279872804A458005F73A5 /* Build configuration list for PBXNativeTarget "Simple" */ = {
			isa = XCConfigurationList;
			buildConfigurations = (
				CEB279882804A458005F73A5 /* Debug */,
				CEB279892804A458005F73A5 /* Release */,
			);
			defaultConfigurationIsVisible = 0;
			defaultConfigurationName = Release;
		};
/* End XCConfigurationList section */
	};
	rootObject = CEB2796B2804A455005F73A5 /* Project object */;
}
